
Microsoft Visual Studio Solution File, Format Version 12.00
# Visual Studio 15
Project("{FAE04EC0-301F-11D3-BF4B-00C04F79EFBC}") = "Assembly-CSharp", "Assembly-CSharp.csproj", "{E747F0AB-9673-BEF2-0FB9-8AD92E24129F}"
EndProject
Project("{FAE04EC0-301F-11D3-BF4B-00C04F79EFBC}") = "Assembly-CSharp-firstpass", "Assembly-CSharp-firstpass.csproj", "{A8364C46-29CA-50F8-BBF2-D72EB14A734B}"
EndProject
Project("{FAE04EC0-301F-11D3-BF4B-00C04F79EFBC}") = "Assembly-CSharp-Editor-firstpass", "Assembly-CSharp-Editor-firstpass.csproj", "{6E583107-ABFB-3762-CB96-111A2583E72A}"
EndProject
Global
	GlobalSection(SolutionConfigurationPlatforms) = preSolution
		Debug|Any CPU = Debug|Any CPU
		Release|Any CPU = Release|Any CPU
	EndGlobalSection
	GlobalSection(ProjectConfigurationPlatforms) = postSolution
		{E747F0AB-9673-BEF2-0FB9-8AD92E24129F}.Debug|Any CPU.ActiveCfg = Debug|Any CPU
		{E747F0AB-9673-BEF2-0FB9-8AD92E24129F}.Debug|Any CPU.Build.0 = Debug|Any CPU
		{E747F0AB-9673-BEF2-0FB9-8AD92E24129F}.Release|Any CPU.ActiveCfg = Release|Any CPU
		{E747F0AB-9673-BEF2-0FB9-8AD92E24129F}.Release|Any CPU.Build.0 = Release|Any CPU
		{A8364C46-29CA-50F8-BBF2-D72EB14A734B}.Debug|Any CPU.ActiveCfg = Debug|Any CPU
		{A8364C46-29CA-50F8-BBF2-D72EB14A734B}.Debug|Any CPU.Build.0 = Debug|Any CPU
		{A8364C46-29CA-50F8-BBF2-D72EB14A734B}.Release|Any CPU.ActiveCfg = Release|Any CPU
		{A8364C46-29CA-50F8-BBF2-D72EB14A734B}.Release|Any CPU.Build.0 = Release|Any CPU
		{6E583107-ABFB-3762-CB96-111A2583E72A}.Debug|Any CPU.ActiveCfg = Debug|Any CPU
		{6E583107-ABFB-3762-CB96-111A2583E72A}.Debug|Any CPU.Build.0 = Debug|Any CPU
		{6E583107-ABFB-3762-CB96-111A2583E72A}.Release|Any CPU.ActiveCfg = Release|Any CPU
		{6E583107-ABFB-3762-CB96-111A2583E72A}.Release|Any CPU.Build.0 = Release|Any CPU
	EndGlobalSection
	GlobalSection(SolutionProperties) = preSolution
		HideSolutionNode = FALSE
	EndGlobalSection
EndGlobal
